
Microsoft Visual Studio Solution File, Format Version 12.00
# Visual Studio Version 16
VisualStudioVersion = 16.0.30413.136
MinimumVisualStudioVersion = 10.0.40219.1
Project("{9A19103F-16F7-4668-BE54-9A1E7A4F7556}") = "Data_Migration_App", "Data_Migration_App.csproj", "{B7A4F33E-1A2F-4CFB-A1B7-56C96727EB76}"
EndProject
Global
	GlobalSection(SolutionConfigurationPlatforms) = preSolution
		Debug|Any CPU = Debug|Any CPU
		Release|Any CPU = Release|Any CPU
	EndGlobalSection
	GlobalSection(ProjectConfigurationPlatforms) = postSolution
		{B7A4F33E-1A2F-4CFB-A1B7-56C96727EB76}.Debug|Any CPU.ActiveCfg = Debug|Any CPU
		{B7A4F33E-1A2F-4CFB-A1B7-56C96727EB76}.Debug|Any CPU.Build.0 = Debug|Any CPU
		{B7A4F33E-1A2F-4CFB-A1B7-56C96727EB76}.Release|Any CPU.ActiveCfg = Release|Any CPU
		{B7A4F33E-1A2F-4CFB-A1B7-56C96727EB76}.Release|Any CPU.Build.0 = Release|Any CPU
	EndGlobalSection
	GlobalSection(SolutionProperties) = preSolution
		HideSolutionNode = FALSE
	EndGlobalSection
	GlobalSection(ExtensibilityGlobals) = postSolution
		SolutionGuid = {FC012778-334B-4F42-9FAD-1969A5F57A99}
	EndGlobalSection
EndGlobal
